
Microsoft Visual Studio Solution File, Format Version 12.00
# Visual Studio Version 17
VisualStudioVersion = 17.9.34616.47
MinimumVisualStudioVersion = 10.0.40219.1
Project("{9A19103F-16F7-4668-BE54-9A1E7A4F7556}") = "H2Geometri", "H2SOLID\H2Geometri.csproj", "{89952C7F-F2D2-4031-86EF-AD4CDA6EC18B}"
EndProject
Project("{9A19103F-16F7-4668-BE54-9A1E7A4F7556}") = "H2Banker", "H2Banker\H2Banker.csproj", "{7C7343B7-789E-48E0-83E0-F4790A52F48D}"
EndProject
Project("{FAE04EC0-301F-11D3-BF4B-00C04F79EFBC}") = "SolidDemoClassLibrary", "..\SolidDemoClassLibrary\SolidDemoClassLibrary.csproj", "{02C2002F-CEEC-47A0-B0D7-754A5CF1F9DC}"
EndProject
Project("{FAE04EC0-301F-11D3-BF4B-00C04F79EFBC}") = "CoffeeMaker", "..\CoffeeMaker\CoffeeMaker.csproj", "{CAA36DDA-0DBC-424D-BE53-AE3F9946F7E1}"
EndProject
Global
	GlobalSection(SolutionConfigurationPlatforms) = preSolution
		Debug|Any CPU = Debug|Any CPU
		Release|Any CPU = Release|Any CPU
	EndGlobalSection
	GlobalSection(ProjectConfigurationPlatforms) = postSolution
		{89952C7F-F2D2-4031-86EF-AD4CDA6EC18B}.Debug|Any CPU.ActiveCfg = Debug|Any CPU
		{89952C7F-F2D2-4031-86EF-AD4CDA6EC18B}.Debug|Any CPU.Build.0 = Debug|Any CPU
		{89952C7F-F2D2-4031-86EF-AD4CDA6EC18B}.Release|Any CPU.ActiveCfg = Release|Any CPU
		{89952C7F-F2D2-4031-86EF-AD4CDA6EC18B}.Release|Any CPU.Build.0 = Release|Any CPU
		{7C7343B7-789E-48E0-83E0-F4790A52F48D}.Debug|Any CPU.ActiveCfg = Debug|Any CPU
		{7C7343B7-789E-48E0-83E0-F4790A52F48D}.Debug|Any CPU.Build.0 = Debug|Any CPU
		{7C7343B7-789E-48E0-83E0-F4790A52F48D}.Release|Any CPU.ActiveCfg = Release|Any CPU
		{7C7343B7-789E-48E0-83E0-F4790A52F48D}.Release|Any CPU.Build.0 = Release|Any CPU
		{02C2002F-CEEC-47A0-B0D7-754A5CF1F9DC}.Debug|Any CPU.ActiveCfg = Debug|Any CPU
		{02C2002F-CEEC-47A0-B0D7-754A5CF1F9DC}.Debug|Any CPU.Build.0 = Debug|Any CPU
		{02C2002F-CEEC-47A0-B0D7-754A5CF1F9DC}.Release|Any CPU.ActiveCfg = Release|Any CPU
		{02C2002F-CEEC-47A0-B0D7-754A5CF1F9DC}.Release|Any CPU.Build.0 = Release|Any CPU
		{CAA36DDA-0DBC-424D-BE53-AE3F9946F7E1}.Debug|Any CPU.ActiveCfg = Debug|Any CPU
		{CAA36DDA-0DBC-424D-BE53-AE3F9946F7E1}.Debug|Any CPU.Build.0 = Debug|Any CPU
		{CAA36DDA-0DBC-424D-BE53-AE3F9946F7E1}.Release|Any CPU.ActiveCfg = Release|Any CPU
		{CAA36DDA-0DBC-424D-BE53-AE3F9946F7E1}.Release|Any CPU.Build.0 = Release|Any CPU
	EndGlobalSection
	GlobalSection(SolutionProperties) = preSolution
		HideSolutionNode = FALSE
	EndGlobalSection
	GlobalSection(ExtensibilityGlobals) = postSolution
		SolutionGuid = {50B3C5FF-EB0C-44F1-B383-6FF9C73DD72F}
	EndGlobalSection
EndGlobal
